
Microsoft Visual Studio Solution File, Format Version 12.00
# Visual Studio Version 17
VisualStudioVersion = 17.8.34316.72
MinimumVisualStudioVersion = 10.0.40219.1
Project("{FAE04EC0-301F-11D3-BF4B-00C04F79EFBC}") = "Epam.Tests", "Epam.Tests.csproj", "{63E75A98-FC7B-42E7-8426-8EC14207940F}"
EndProject
Project("{2150E333-8FDC-42A3-9474-1A3956D46DE8}") = "Элементы решения", "Элементы решения", "{86674455-19A1-428E-842C-70D98BEEE03F}"
EndProject
Project("{9A19103F-16F7-4668-BE54-9A1E7A4F7556}") = "Epam", "..\Epam\Epam.csproj", "{E67C687D-D6C1-4FAB-B32F-533BA9C820AB}"
EndProject
Global
	GlobalSection(SolutionConfigurationPlatforms) = preSolution
		Debug|Any CPU = Debug|Any CPU
		Release|Any CPU = Release|Any CPU
	EndGlobalSection
	GlobalSection(ProjectConfigurationPlatforms) = postSolution
		{63E75A98-FC7B-42E7-8426-8EC14207940F}.Debug|Any CPU.ActiveCfg = Debug|Any CPU
		{63E75A98-FC7B-42E7-8426-8EC14207940F}.Debug|Any CPU.Build.0 = Debug|Any CPU
		{63E75A98-FC7B-42E7-8426-8EC14207940F}.Release|Any CPU.ActiveCfg = Release|Any CPU
		{63E75A98-FC7B-42E7-8426-8EC14207940F}.Release|Any CPU.Build.0 = Release|Any CPU
		{E67C687D-D6C1-4FAB-B32F-533BA9C820AB}.Debug|Any CPU.ActiveCfg = Debug|Any CPU
		{E67C687D-D6C1-4FAB-B32F-533BA9C820AB}.Debug|Any CPU.Build.0 = Debug|Any CPU
		{E67C687D-D6C1-4FAB-B32F-533BA9C820AB}.Release|Any CPU.ActiveCfg = Release|Any CPU
		{E67C687D-D6C1-4FAB-B32F-533BA9C820AB}.Release|Any CPU.Build.0 = Release|Any CPU
	EndGlobalSection
	GlobalSection(SolutionProperties) = preSolution
		HideSolutionNode = FALSE
	EndGlobalSection
	GlobalSection(ExtensibilityGlobals) = postSolution
		SolutionGuid = {B81158E8-09B3-4657-BB1B-0933DA5C4D00}
	EndGlobalSection
EndGlobal
